# This file is autogenerated, do not edit; changes may be undone by the next 'dep ensure'.


[[projects]]
  name = "github.com/google/gopacket"
  packages = [
    ".",
    "layers",
    "tcpassembly"
  ]
  revision = "11c65f1ca9081dfea43b4f9643f5c155583b73ba"
  version = "v1.1.14"

[[projects]]
  name = "github.com/gorilla/handlers"
  packages = ["."]
  revision = "90663712d74cb411cbef281bc1e08c19d1a76145"
  version = "v1.3.0"

[[projects]]
  name = "github.com/hownetworks/nfq-go"
  packages = ["."]
  revision = "56ecb64e9664321a312156e962bc90449b14c64e"
  version = "v1.0.1"

[[projects]]
  name = "github.com/kelseyhightower/envconfig"
  packages = ["."]
  revision = "f611eb38b3875cc3bd991ca91c51d06446afa14c"
  version = "v1.3.0"

[[projects]]
  name = "github.com/rs/cors"
  packages = ["."]
  revision = "feef513b9575b32f84bafa580aad89b011259019"
  version = "v1.3.0"

[solve-meta]
  analyzer-name = "dep"
  analyzer-version = 1
  inputs-digest = "9b0a902cd4110b611098a6fcdff5d7685e5a21b3a34fd4df09ea417cfa2743c0"
  solver-name = "gps-cdcl"
  solver-version = 1
